<?xml version="1.0" encoding="UTF-8" standalone="yes" ?>
<CodeBlocks_project_file>
	<FileVersion major="1" minor="6" />
	<Project>
		<Option title="project7" />
		<Option pch_mode="2" />
		<Option compiler="gcc" />
		<Build>
			<Target title="Debug">
				<Option output="bin/Debug/project7" prefix_auto="1" extension_auto="1" />
				<Option object_output="obj/Debug/" />
				<Option type="1" />
				<Option compiler="gcc" />
				<Compiler>
					<Add option="-g" />
					<Add directory="include" />
				</Compiler>
			</Target>
			<Target title="Release">
				<Option output="bin/Release/project7" prefix_auto="1" extension_auto="1" />
				<Option object_output="obj/Release/" />
				<Option type="1" />
				<Option compiler="gcc" />
				<Compiler>
					<Add option="-O2" />
					<Add directory="include" />
				</Compiler>
				<Linker>
					<Add option="-s" />
				</Linker>
			</Target>
		</Build>
		<Compiler>
			<Add option="-Wall" />
			<Add option="-fexceptions" />
		</Compiler>
		<Unit filename="Admin.cpp" />
		<Unit filename="AdminLogin.cpp" />
		<Unit filename="CashierDetails.cpp" />
		<Unit filename="CustomerDetails.cpp" />
		<Unit filename="DeliveryBoy.cpp" />
		<Unit filename="MenuPizzaProduct.cpp" />
		<Unit filename="MenuSideProduct.cpp" />
		<Unit filename="RawProduct.cpp" />
		<Unit filename="cashierlogin.cpp" />
		<Unit filename="discount.cpp" />
		<Unit filename="include/Furniture.h" />
		<Unit filename="include/backupandrestore.h" />
		<Unit filename="include/includefiles.h" />
		<Unit filename="include/startup.h" />
		<Unit filename="main.cpp" />
		<Unit filename="pizzaorder.cpp" />
		<Unit filename="src/Furniture.cpp" />
		<Unit filename="src/backupandrestore.cpp" />
		<Unit filename="src/includefiles.cpp" />
		<Unit filename="src/loginone.cpp" />
		<Unit filename="src/startup.cpp" />
		<Extensions>
			<code_completion />
			<envvars />
			<debugger />
			<lib_finder disable_auto="1" />
		</Extensions>
	</Project>
</CodeBlocks_project_file>
